// !$*UTF8*$!
{
	archiveVersion = 1;
	classes = {
	};
	objectVersion = 51;
	objects = {

/* Begin PBXBuildFile section */
		1C4ABEA759E82A1BAB38E2F0 /* Pods_Beers_BeersUITests.framework in Frameworks */ = {isa = PBXBuildFile; fileRef = A0C844B11A1A0E9D5DBE7D20 /* Pods_Beers_BeersUITests.framework */; };
		945DDDD19617B8435DF02241 /* Pods_BeersTests.framework in Frameworks */ = {isa = PBXBuildFile; fileRef = 01DF552BCC29751EC50035AA /* Pods_BeersTests.framework */; };
		A32FDF502829F1D3D387485E /* Pods_Beers.framework in Frameworks */ = {isa = PBXBuildFile; fileRef = 1D21E5EE0606B9F6BC32173B /* Pods_Beers.framework */; };
		FE7F305723FFD2E7006FCAB3 /* Constants.swift in Sources */ = {isa = PBXBuildFile; fileRef = FE7F305623FFD2E7006FCAB3 /* Constants.swift */; };
		FE7F306323FFD5F6006FCAB3 /* Localizable.strings in Resources */ = {isa = PBXBuildFile; fileRef = FE7F306523FFD5F6006FCAB3 /* Localizable.strings */; };
		FE7F306A23FFDD61006FCAB3 /* BeerListTableViewCell.swift in Sources */ = {isa = PBXBuildFile; fileRef = FE7F306923FFDD61006FCAB3 /* BeerListTableViewCell.swift */; };
		FEA28D572403BAE70057191E /* extensions.swift in Sources */ = {isa = PBXBuildFile; fileRef = FEA28D562403BAE70057191E /* extensions.swift */; };
		FEF0FE3223FD937C00854141 /* AppDelegate.swift in Sources */ = {isa = PBXBuildFile; fileRef = FEF0FE3123FD937C00854141 /* AppDelegate.swift */; };
		FEF0FE3423FD937C00854141 /* SceneDelegate.swift in Sources */ = {isa = PBXBuildFile; fileRef = FEF0FE3323FD937C00854141 /* SceneDelegate.swift */; };
		FEF0FE3623FD937C00854141 /* ViewController.swift in Sources */ = {isa = PBXBuildFile; fileRef = FEF0FE3523FD937C00854141 /* ViewController.swift */; };
		FEF0FE3923FD937C00854141 /* Main.storyboard in Resources */ = {isa = PBXBuildFile; fileRef = FEF0FE3723FD937C00854141 /* Main.storyboard */; };
		FEF0FE3B23FD937F00854141 /* Assets.xcassets in Resources */ = {isa = PBXBuildFile; fileRef = FEF0FE3A23FD937F00854141 /* Assets.xcassets */; };
		FEF0FE3E23FD937F00854141 /* LaunchScreen.storyboard in Resources */ = {isa = PBXBuildFile; fileRef = FEF0FE3C23FD937F00854141 /* LaunchScreen.storyboard */; };
		FEF0FE4923FD937F00854141 /* BeersTests.swift in Sources */ = {isa = PBXBuildFile; fileRef = FEF0FE4823FD937F00854141 /* BeersTests.swift */; };
		FEF0FE5423FD938000854141 /* BeersUITests.swift in Sources */ = {isa = PBXBuildFile; fileRef = FEF0FE5323FD938000854141 /* BeersUITests.swift */; };
		FEF0FE6423FD983100854141 /* DBHelper.swift in Sources */ = {isa = PBXBuildFile; fileRef = FEF0FE6323FD983100854141 /* DBHelper.swift */; };
		FEF0FE6623FD985300854141 /* NetworkController.swift in Sources */ = {isa = PBXBuildFile; fileRef = FEF0FE6523FD985300854141 /* NetworkController.swift */; };
		FEF0FE6923FD988400854141 /* Beer.swift in Sources */ = {isa = PBXBuildFile; fileRef = FEF0FE6823FD988400854141 /* Beer.swift */; };
		FEF0FE6C23FD992500854141 /* BeerController.swift in Sources */ = {isa = PBXBuildFile; fileRef = FEF0FE6B23FD992500854141 /* BeerController.swift */; };
/* End PBXBuildFile section */

/* Begin PBXContainerItemProxy section */
		FEF0FE4523FD937F00854141 /* PBXContainerItemProxy */ = {
			isa = PBXContainerItemProxy;
			containerPortal = FEF0FE2623FD937C00854141 /* Project object */;
			proxyType = 1;
			remoteGlobalIDString = FEF0FE2D23FD937C00854141;
			remoteInfo = Beers;
		};
		FEF0FE5023FD938000854141 /* PBXContainerItemProxy */ = {
			isa = PBXContainerItemProxy;
			containerPortal = FEF0FE2623FD937C00854141 /* Project object */;
			proxyType = 1;
			remoteGlobalIDString = FEF0FE2D23FD937C00854141;
			remoteInfo = Beers;
		};
/* End PBXContainerItemProxy section */

/* Begin PBXFileReference section */
		01DF552BCC29751EC50035AA /* Pods_BeersTests.framework */ = {isa = PBXFileReference; explicitFileType = wrapper.framework; includeInIndex = 0; path = Pods_BeersTests.framework; sourceTree = BUILT_PRODUCTS_DIR; };
		0CE96E9419D1DF9031D3B528 /* Pods-BeersTests.debug.xcconfig */ = {isa = PBXFileReference; includeInIndex = 1; lastKnownFileType = text.xcconfig; name = "Pods-BeersTests.debug.xcconfig"; path = "Target Support Files/Pods-BeersTests/Pods-BeersTests.debug.xcconfig"; sourceTree = "<group>"; };
		1D21E5EE0606B9F6BC32173B /* Pods_Beers.framework */ = {isa = PBXFileReference; explicitFileType = wrapper.framework; includeInIndex = 0; path = Pods_Beers.framework; sourceTree = BUILT_PRODUCTS_DIR; };
		2071973624170504DBEF6F6F /* Pods-Beers-BeersUITests.debug.xcconfig */ = {isa = PBXFileReference; includeInIndex = 1; lastKnownFileType = text.xcconfig; name = "Pods-Beers-BeersUITests.debug.xcconfig"; path = "Target Support Files/Pods-Beers-BeersUITests/Pods-Beers-BeersUITests.debug.xcconfig"; sourceTree = "<group>"; };
		62EBA47FE67AA4581DAE4882 /* Pods-BeersTests.release.xcconfig */ = {isa = PBXFileReference; includeInIndex = 1; lastKnownFileType = text.xcconfig; name = "Pods-BeersTests.release.xcconfig"; path = "Target Support Files/Pods-BeersTests/Pods-BeersTests.release.xcconfig"; sourceTree = "<group>"; };
		806B8A19E59E3DE93DBED8A8 /* Pods-Beers.release.xcconfig */ = {isa = PBXFileReference; includeInIndex = 1; lastKnownFileType = text.xcconfig; name = "Pods-Beers.release.xcconfig"; path = "Target Support Files/Pods-Beers/Pods-Beers.release.xcconfig"; sourceTree = "<group>"; };
		A0C844B11A1A0E9D5DBE7D20 /* Pods_Beers_BeersUITests.framework */ = {isa = PBXFileReference; explicitFileType = wrapper.framework; includeInIndex = 0; path = Pods_Beers_BeersUITests.framework; sourceTree = BUILT_PRODUCTS_DIR; };
		A496E3645FC4C526A2FF31DB /* Pods-Beers-BeersUITests.release.xcconfig */ = {isa = PBXFileReference; includeInIndex = 1; lastKnownFileType = text.xcconfig; name = "Pods-Beers-BeersUITests.release.xcconfig"; path = "Target Support Files/Pods-Beers-BeersUITests/Pods-Beers-BeersUITests.release.xcconfig"; sourceTree = "<group>"; };
		DCCDB944F8F44627FAFA8441 /* Pods-Beers.debug.xcconfig */ = {isa = PBXFileReference; includeInIndex = 1; lastKnownFileType = text.xcconfig; name = "Pods-Beers.debug.xcconfig"; path = "Target Support Files/Pods-Beers/Pods-Beers.debug.xcconfig"; sourceTree = "<group>"; };
		FE7F305623FFD2E7006FCAB3 /* Constants.swift */ = {isa = PBXFileReference; lastKnownFileType = sourcecode.swift; path = Constants.swift; sourceTree = "<group>"; };
		FE7F306423FFD5F6006FCAB3 /* en */ = {isa = PBXFileReference; lastKnownFileType = text.plist.strings; name = en; path = en.lproj/Localizable.strings; sourceTree = "<group>"; };
		FE7F306623FFD604006FCAB3 /* es */ = {isa = PBXFileReference; lastKnownFileType = text.plist.strings; name = es; path = es.lproj/Localizable.strings; sourceTree = "<group>"; };
		FE7F306723FFD60D006FCAB3 /* ca */ = {isa = PBXFileReference; lastKnownFileType = text.plist.strings; name = ca; path = ca.lproj/Localizable.strings; sourceTree = "<group>"; };
		FE7F306923FFDD61006FCAB3 /* BeerListTableViewCell.swift */ = {isa = PBXFileReference; lastKnownFileType = sourcecode.swift; path = BeerListTableViewCell.swift; sourceTree = "<group>"; };
		FEA28D562403BAE70057191E /* extensions.swift */ = {isa = PBXFileReference; lastKnownFileType = sourcecode.swift; path = extensions.swift; sourceTree = "<group>"; };
		FEF0FE2E23FD937C00854141 /* Beers.app */ = {isa = PBXFileReference; explicitFileType = wrapper.application; includeInIndex = 0; path = Beers.app; sourceTree = BUILT_PRODUCTS_DIR; };
		FEF0FE3123FD937C00854141 /* AppDelegate.swift */ = {isa = PBXFileReference; lastKnownFileType = sourcecode.swift; path = AppDelegate.swift; sourceTree = "<group>"; };
		FEF0FE3323FD937C00854141 /* SceneDelegate.swift */ = {isa = PBXFileReference; lastKnownFileType = sourcecode.swift; path = SceneDelegate.swift; sourceTree = "<group>"; };
		FEF0FE3523FD937C00854141 /* ViewController.swift */ = {isa = PBXFileReference; lastKnownFileType = sourcecode.swift; path = ViewController.swift; sourceTree = "<group>"; };
		FEF0FE3823FD937C00854141 /* Base */ = {isa = PBXFileReference; lastKnownFileType = file.storyboard; name = Base; path = Base.lproj/Main.storyboard; sourceTree = "<group>"; };
		FEF0FE3A23FD937F00854141 /* Assets.xcassets */ = {isa = PBXFileReference; lastKnownFileType = folder.assetcatalog; path = Assets.xcassets; sourceTree = "<group>"; };
		FEF0FE3D23FD937F00854141 /* Base */ = {isa = PBXFileReference; lastKnownFileType = file.storyboard; name = Base; path = Base.lproj/LaunchScreen.storyboard; sourceTree = "<group>"; };
		FEF0FE3F23FD937F00854141 /* Info.plist */ = {isa = PBXFileReference; lastKnownFileType = text.plist.xml; path = Info.plist; sourceTree = "<group>"; };
		FEF0FE4423FD937F00854141 /* BeersTests.xctest */ = {isa = PBXFileReference; explicitFileType = wrapper.cfbundle; includeInIndex = 0; path = BeersTests.xctest; sourceTree = BUILT_PRODUCTS_DIR; };
		FEF0FE4823FD937F00854141 /* BeersTests.swift */ = {isa = PBXFileReference; lastKnownFileType = sourcecode.swift; path = BeersTests.swift; sourceTree = "<group>"; };
		FEF0FE4A23FD937F00854141 /* Info.plist */ = {isa = PBXFileReference; lastKnownFileType = text.plist.xml; path = Info.plist; sourceTree = "<group>"; };
		FEF0FE4F23FD938000854141 /* BeersUITests.xctest */ = {isa = PBXFileReference; explicitFileType = wrapper.cfbundle; includeInIndex = 0; path = BeersUITests.xctest; sourceTree = BUILT_PRODUCTS_DIR; };
		FEF0FE5323FD938000854141 /* BeersUITests.swift */ = {isa = PBXFileReference; lastKnownFileType = sourcecode.swift; path = BeersUITests.swift; sourceTree = "<group>"; };
		FEF0FE5523FD938000854141 /* Info.plist */ = {isa = PBXFileReference; lastKnownFileType = text.plist.xml; path = Info.plist; sourceTree = "<group>"; };
		FEF0FE6323FD983100854141 /* DBHelper.swift */ = {isa = PBXFileReference; lastKnownFileType = sourcecode.swift; path = DBHelper.swift; sourceTree = "<group>"; };
		FEF0FE6523FD985300854141 /* NetworkController.swift */ = {isa = PBXFileReference; lastKnownFileType = sourcecode.swift; path = NetworkController.swift; sourceTree = "<group>"; };
		FEF0FE6823FD988400854141 /* Beer.swift */ = {isa = PBXFileReference; lastKnownFileType = sourcecode.swift; path = Beer.swift; sourceTree = "<group>"; };
		FEF0FE6B23FD992500854141 /* BeerController.swift */ = {isa = PBXFileReference; lastKnownFileType = sourcecode.swift; path = BeerController.swift; sourceTree = "<group>"; };
/* End PBXFileReference section */

/* Begin PBXFrameworksBuildPhase section */
		FEF0FE2B23FD937C00854141 /* Frameworks */ = {
			isa = PBXFrameworksBuildPhase;
			buildActionMask = 2147483647;
			files = (
				A32FDF502829F1D3D387485E /* Pods_Beers.framework in Frameworks */,
			);
			runOnlyForDeploymentPostprocessing = 0;
		};
		FEF0FE4123FD937F00854141 /* Frameworks */ = {
			isa = PBXFrameworksBuildPhase;
			buildActionMask = 2147483647;
			files = (
				945DDDD19617B8435DF02241 /* Pods_BeersTests.framework in Frameworks */,
			);
			runOnlyForDeploymentPostprocessing = 0;
		};
		FEF0FE4C23FD938000854141 /* Frameworks */ = {
			isa = PBXFrameworksBuildPhase;
			buildActionMask = 2147483647;
			files = (
				1C4ABEA759E82A1BAB38E2F0 /* Pods_Beers_BeersUITests.framework in Frameworks */,
			);
			runOnlyForDeploymentPostprocessing = 0;
		};
/* End PBXFrameworksBuildPhase section */

/* Begin PBXGroup section */
		3A7534D3A2B97FCF5EB26C86 /* Frameworks */ = {
			isa = PBXGroup;
			children = (
				1D21E5EE0606B9F6BC32173B /* Pods_Beers.framework */,
				A0C844B11A1A0E9D5DBE7D20 /* Pods_Beers_BeersUITests.framework */,
				01DF552BCC29751EC50035AA /* Pods_BeersTests.framework */,
			);
			name = Frameworks;
			sourceTree = "<group>";
		};
		81D466C2839910593D63B043 /* Pods */ = {
			isa = PBXGroup;
			children = (
				DCCDB944F8F44627FAFA8441 /* Pods-Beers.debug.xcconfig */,
				806B8A19E59E3DE93DBED8A8 /* Pods-Beers.release.xcconfig */,
				2071973624170504DBEF6F6F /* Pods-Beers-BeersUITests.debug.xcconfig */,
				A496E3645FC4C526A2FF31DB /* Pods-Beers-BeersUITests.release.xcconfig */,
				0CE96E9419D1DF9031D3B528 /* Pods-BeersTests.debug.xcconfig */,
				62EBA47FE67AA4581DAE4882 /* Pods-BeersTests.release.xcconfig */,
			);
			path = Pods;
			sourceTree = "<group>";
		};
		FE7F306823FFDD31006FCAB3 /* Cells */ = {
			isa = PBXGroup;
			children = (
				FE7F306923FFDD61006FCAB3 /* BeerListTableViewCell.swift */,
			);
			path = Cells;
			sourceTree = "<group>";
		};
		FEA28D552403BAAB0057191E /* extensions */ = {
			isa = PBXGroup;
			children = (
				FEA28D562403BAE70057191E /* extensions.swift */,
			);
			path = extensions;
			sourceTree = "<group>";
		};
		FEF0FE2523FD937C00854141 = {
			isa = PBXGroup;
			children = (
				FEF0FE3023FD937C00854141 /* Beers */,
				FEF0FE4723FD937F00854141 /* BeersTests */,
				FEF0FE5223FD938000854141 /* BeersUITests */,
				FEF0FE2F23FD937C00854141 /* Products */,
				81D466C2839910593D63B043 /* Pods */,
				3A7534D3A2B97FCF5EB26C86 /* Frameworks */,
			);
			sourceTree = "<group>";
		};
		FEF0FE2F23FD937C00854141 /* Products */ = {
			isa = PBXGroup;
			children = (
				FEF0FE2E23FD937C00854141 /* Beers.app */,
				FEF0FE4423FD937F00854141 /* BeersTests.xctest */,
				FEF0FE4F23FD938000854141 /* BeersUITests.xctest */,
			);
			name = Products;
			sourceTree = "<group>";
		};
		FEF0FE3023FD937C00854141 /* Beers */ = {
			isa = PBXGroup;
			children = (
				FEF0FE3123FD937C00854141 /* AppDelegate.swift */,
				FEF0FE3323FD937C00854141 /* SceneDelegate.swift */,
				FEF0FE3523FD937C00854141 /* ViewController.swift */,
				FE7F305623FFD2E7006FCAB3 /* Constants.swift */,
				FEF0FE6723FD986C00854141 /* Entities */,
				FEF0FE6A23FD991100854141 /* Controller */,
				FEF0FE6123FD979B00854141 /* Networking */,
				FE7F306823FFDD31006FCAB3 /* Cells */,
				FEF0FE6223FD97AC00854141 /* Database */,
				FEA28D552403BAAB0057191E /* extensions */,
				FEF0FE3723FD937C00854141 /* Main.storyboard */,
				FEF0FE3A23FD937F00854141 /* Assets.xcassets */,
				FEF0FE3C23FD937F00854141 /* LaunchScreen.storyboard */,
				FEF0FE3F23FD937F00854141 /* Info.plist */,
				FE7F306523FFD5F6006FCAB3 /* Localizable.strings */,
			);
			path = Beers;
			sourceTree = "<group>";
		};
		FEF0FE4723FD937F00854141 /* BeersTests */ = {
			isa = PBXGroup;
			children = (
				FEF0FE4823FD937F00854141 /* BeersTests.swift */,
				FEF0FE4A23FD937F00854141 /* Info.plist */,
			);
			path = BeersTests;
			sourceTree = "<group>";
		};
		FEF0FE5223FD938000854141 /* BeersUITests */ = {
			isa = PBXGroup;
			children = (
				FEF0FE5323FD938000854141 /* BeersUITests.swift */,
				FEF0FE5523FD938000854141 /* Info.plist */,
			);
			path = BeersUITests;
			sourceTree = "<group>";
		};
		FEF0FE6123FD979B00854141 /* Networking */ = {
			isa = PBXGroup;
			children = (
				FEF0FE6523FD985300854141 /* NetworkController.swift */,
			);
			path = Networking;
			sourceTree = "<group>";
		};
		FEF0FE6223FD97AC00854141 /* Database */ = {
			isa = PBXGroup;
			children = (
				FEF0FE6323FD983100854141 /* DBHelper.swift */,
			);
			path = Database;
			sourceTree = "<group>";
		};
		FEF0FE6723FD986C00854141 /* Entities */ = {
			isa = PBXGroup;
			children = (
				FEF0FE6823FD988400854141 /* Beer.swift */,
			);
			path = Entities;
			sourceTree = "<group>";
		};
		FEF0FE6A23FD991100854141 /* Controller */ = {
			isa = PBXGroup;
			children = (
				FEF0FE6B23FD992500854141 /* BeerController.swift */,
			);
			path = Controller;
			sourceTree = "<group>";
		};
/* End PBXGroup section */

/* Begin PBXNativeTarget section */
		FEF0FE2D23FD937C00854141 /* Beers */ = {
			isa = PBXNativeTarget;
			buildConfigurationList = FEF0FE5823FD938000854141 /* Build configuration list for PBXNativeTarget "Beers" */;
			buildPhases = (
				C977A2E3926A604D7349E76C /* [CP] Check Pods Manifest.lock */,
				FEF0FE2A23FD937C00854141 /* Sources */,
				FEF0FE2B23FD937C00854141 /* Frameworks */,
				FEF0FE2C23FD937C00854141 /* Resources */,
				6539C7278E782D131248504C /* [CP] Embed Pods Frameworks */,
			);
			buildRules = (
			);
			dependencies = (
			);
			name = Beers;
			productName = Beers;
			productReference = FEF0FE2E23FD937C00854141 /* Beers.app */;
			productType = "com.apple.product-type.application";
		};
		FEF0FE4323FD937F00854141 /* BeersTests */ = {
			isa = PBXNativeTarget;
			buildConfigurationList = FEF0FE5B23FD938000854141 /* Build configuration list for PBXNativeTarget "BeersTests" */;
			buildPhases = (
				EF21D31B71D4094C1C3C5B37 /* [CP] Check Pods Manifest.lock */,
				FEF0FE4023FD937F00854141 /* Sources */,
				FEF0FE4123FD937F00854141 /* Frameworks */,
				FEF0FE4223FD937F00854141 /* Resources */,
			);
			buildRules = (
			);
			dependencies = (
				FEF0FE4623FD937F00854141 /* PBXTargetDependency */,
			);
			name = BeersTests;
			productName = BeersTests;
			productReference = FEF0FE4423FD937F00854141 /* BeersTests.xctest */;
			productType = "com.apple.product-type.bundle.unit-test";
		};
		FEF0FE4E23FD938000854141 /* BeersUITests */ = {
			isa = PBXNativeTarget;
			buildConfigurationList = FEF0FE5E23FD938000854141 /* Build configuration list for PBXNativeTarget "BeersUITests" */;
			buildPhases = (
				2BDDC4A7F2BAC234ED12914F /* [CP] Check Pods Manifest.lock */,
				FEF0FE4B23FD938000854141 /* Sources */,
				FEF0FE4C23FD938000854141 /* Frameworks */,
				FEF0FE4D23FD938000854141 /* Resources */,
				C2779B681247C0889D4BD132 /* [CP] Embed Pods Frameworks */,
			);
			buildRules = (
			);
			dependencies = (
				FEF0FE5123FD938000854141 /* PBXTargetDependency */,
			);
			name = BeersUITests;
			productName = BeersUITests;
			productReference = FEF0FE4F23FD938000854141 /* BeersUITests.xctest */;
			productType = "com.apple.product-type.bundle.ui-testing";
		};
/* End PBXNativeTarget section */

/* Begin PBXProject section */
		FEF0FE2623FD937C00854141 /* Project object */ = {
			isa = PBXProject;
			attributes = {
				LastSwiftUpdateCheck = 1130;
				LastUpgradeCheck = 1130;
				ORGANIZATIONNAME = "Sergi Rojas";
				TargetAttributes = {
					FEF0FE2D23FD937C00854141 = {
						CreatedOnToolsVersion = 11.3.1;
					};
					FEF0FE4323FD937F00854141 = {
						CreatedOnToolsVersion = 11.3.1;
						TestTargetID = FEF0FE2D23FD937C00854141;
					};
					FEF0FE4E23FD938000854141 = {
						CreatedOnToolsVersion = 11.3.1;
						TestTargetID = FEF0FE2D23FD937C00854141;
					};
				};
			};
			buildConfigurationList = FEF0FE2923FD937C00854141 /* Build configuration list for PBXProject "Beers" */;
			compatibilityVersion = "Xcode 9.3";
			developmentRegion = en;
			hasScannedForEncodings = 0;
			knownRegions = (
				en,
				Base,
				es,
				ca,
			);
			mainGroup = FEF0FE2523FD937C00854141;
			productRefGroup = FEF0FE2F23FD937C00854141 /* Products */;
			projectDirPath = "";
			projectRoot = "";
			targets = (
				FEF0FE2D23FD937C00854141 /* Beers */,
				FEF0FE4323FD937F00854141 /* BeersTests */,
				FEF0FE4E23FD938000854141 /* BeersUITests */,
			);
		};
/* End PBXProject section */

/* Begin PBXResourcesBuildPhase section */
		FEF0FE2C23FD937C00854141 /* Resources */ = {
			isa = PBXResourcesBuildPhase;
			buildActionMask = 2147483647;
			files = (
				FEF0FE3E23FD937F00854141 /* LaunchScreen.storyboard in Resources */,
				FE7F306323FFD5F6006FCAB3 /* Localizable.strings in Resources */,
				FEF0FE3B23FD937F00854141 /* Assets.xcassets in Resources */,
				FEF0FE3923FD937C00854141 /* Main.storyboard in Resources */,
			);
			runOnlyForDeploymentPostprocessing = 0;
		};
		FEF0FE4223FD937F00854141 /* Resources */ = {
			isa = PBXResourcesBuildPhase;
			buildActionMask = 2147483647;
			files = (
			);
			runOnlyForDeploymentPostprocessing = 0;
		};
		FEF0FE4D23FD938000854141 /* Resources */ = {
			isa = PBXResourcesBuildPhase;
			buildActionMask = 2147483647;
			files = (
			);
			runOnlyForDeploymentPostprocessing = 0;
		};
/* End PBXResourcesBuildPhase section */

/* Begin PBXShellScriptBuildPhase section */
		2BDDC4A7F2BAC234ED12914F /* [CP] Check Pods Manifest.lock */ = {
			isa = PBXShellScriptBuildPhase;
			buildActionMask = 2147483647;
			files = (
			);
			inputFileListPaths = (
			);
			inputPaths = (
				"${PODS_PODFILE_DIR_PATH}/Podfile.lock",
				"${PODS_ROOT}/Manifest.lock",
			);
			name = "[CP] Check Pods Manifest.lock";
			outputFileListPaths = (
			);
			outputPaths = (
				"$(DERIVED_FILE_DIR)/Pods-Beers-BeersUITests-checkManifestLockResult.txt",
			);
			runOnlyForDeploymentPostprocessing = 0;
			shellPath = /bin/sh;
			shellScript = "diff \"${PODS_PODFILE_DIR_PATH}/Podfile.lock\" \"${PODS_ROOT}/Manifest.lock\" > /dev/null\nif [ $? != 0 ] ; then\n    # print error to STDERR\n    echo \"error: The sandbox is not in sync with the Podfile.lock. Run 'pod install' or update your CocoaPods installation.\" >&2\n    exit 1\nfi\n# This output is used by Xcode 'outputs' to avoid re-running this script phase.\necho \"SUCCESS\" > \"${SCRIPT_OUTPUT_FILE_0}\"\n";
			showEnvVarsInLog = 0;
		};
		6539C7278E782D131248504C /* [CP] Embed Pods Frameworks */ = {
			isa = PBXShellScriptBuildPhase;
			buildActionMask = 2147483647;
			files = (
			);
			inputFileListPaths = (
				"${PODS_ROOT}/Target Support Files/Pods-Beers/Pods-Beers-frameworks-${CONFIGURATION}-input-files.xcfilelist",
			);
			name = "[CP] Embed Pods Frameworks";
			outputFileListPaths = (
				"${PODS_ROOT}/Target Support Files/Pods-Beers/Pods-Beers-frameworks-${CONFIGURATION}-output-files.xcfilelist",
			);
			runOnlyForDeploymentPostprocessing = 0;
			shellPath = /bin/sh;
			shellScript = "\"${PODS_ROOT}/Target Support Files/Pods-Beers/Pods-Beers-frameworks.sh\"\n";
			showEnvVarsInLog = 0;
		};
		C2779B681247C0889D4BD132 /* [CP] Embed Pods Frameworks */ = {
			isa = PBXShellScriptBuildPhase;
			buildActionMask = 2147483647;
			files = (
			);
			inputFileListPaths = (
				"${PODS_ROOT}/Target Support Files/Pods-Beers-BeersUITests/Pods-Beers-BeersUITests-frameworks-${CONFIGURATION}-input-files.xcfilelist",
			);
			name = "[CP] Embed Pods Frameworks";
			outputFileListPaths = (
				"${PODS_ROOT}/Target Support Files/Pods-Beers-BeersUITests/Pods-Beers-BeersUITests-frameworks-${CONFIGURATION}-output-files.xcfilelist",
			);
			runOnlyForDeploymentPostprocessing = 0;
			shellPath = /bin/sh;
			shellScript = "\"${PODS_ROOT}/Target Support Files/Pods-Beers-BeersUITests/Pods-Beers-BeersUITests-frameworks.sh\"\n";
			showEnvVarsInLog = 0;
		};
		C977A2E3926A604D7349E76C /* [CP] Check Pods Manifest.lock */ = {
			isa = PBXShellScriptBuildPhase;
			buildActionMask = 2147483647;
			files = (
			);
			inputFileListPaths = (
			);
			inputPaths = (
				"${PODS_PODFILE_DIR_PATH}/Podfile.lock",
				"${PODS_ROOT}/Manifest.lock",
			);
			name = "[CP] Check Pods Manifest.lock";
			outputFileListPaths = (
			);
			outputPaths = (
				"$(DERIVED_FILE_DIR)/Pods-Beers-checkManifestLockResult.txt",
			);
			runOnlyForDeploymentPostprocessing = 0;
			shellPath = /bin/sh;
			shellScript = "diff \"${PODS_PODFILE_DIR_PATH}/Podfile.lock\" \"${PODS_ROOT}/Manifest.lock\" > /dev/null\nif [ $? != 0 ] ; then\n    # print error to STDERR\n    echo \"error: The sandbox is not in sync with the Podfile.lock. Run 'pod install' or update your CocoaPods installation.\" >&2\n    exit 1\nfi\n# This output is used by Xcode 'outputs' to avoid re-running this script phase.\necho \"SUCCESS\" > \"${SCRIPT_OUTPUT_FILE_0}\"\n";
			showEnvVarsInLog = 0;
		};
		EF21D31B71D4094C1C3C5B37 /* [CP] Check Pods Manifest.lock */ = {
			isa = PBXShellScriptBuildPhase;
			buildActionMask = 2147483647;
			files = (
			);
			inputFileListPaths = (
			);
			inputPaths = (
				"${PODS_PODFILE_DIR_PATH}/Podfile.lock",
				"${PODS_ROOT}/Manifest.lock",
			);
			name = "[CP] Check Pods Manifest.lock";
			outputFileListPaths = (
			);
			outputPaths = (
				"$(DERIVED_FILE_DIR)/Pods-BeersTests-checkManifestLockResult.txt",
			);
			runOnlyForDeploymentPostprocessing = 0;
			shellPath = /bin/sh;
			shellScript = "diff \"${PODS_PODFILE_DIR_PATH}/Podfile.lock\" \"${PODS_ROOT}/Manifest.lock\" > /dev/null\nif [ $? != 0 ] ; then\n    # print error to STDERR\n    echo \"error: The sandbox is not in sync with the Podfile.lock. Run 'pod install' or update your CocoaPods installation.\" >&2\n    exit 1\nfi\n# This output is used by Xcode 'outputs' to avoid re-running this script phase.\necho \"SUCCESS\" > \"${SCRIPT_OUTPUT_FILE_0}\"\n";
			showEnvVarsInLog = 0;
		};
/* End PBXShellScriptBuildPhase section */

/* Begin PBXSourcesBuildPhase section */
		FEF0FE2A23FD937C00854141 /* Sources */ = {
			isa = PBXSourcesBuildPhase;
			buildActionMask = 2147483647;
			files = (
				FEF0FE6623FD985300854141 /* NetworkController.swift in Sources */,
				FEF0FE6923FD988400854141 /* Beer.swift in Sources */,
				FE7F306A23FFDD61006FCAB3 /* BeerListTableViewCell.swift in Sources */,
				FEF0FE3623FD937C00854141 /* ViewController.swift in Sources */,
				FEF0FE3223FD937C00854141 /* AppDelegate.swift in Sources */,
				FEA28D572403BAE70057191E /* extensions.swift in Sources */,
				FEF0FE3423FD937C00854141 /* SceneDelegate.swift in Sources */,
				FEF0FE6C23FD992500854141 /* BeerController.swift in Sources */,
				FEF0FE6423FD983100854141 /* DBHelper.swift in Sources */,
				FE7F305723FFD2E7006FCAB3 /* Constants.swift in Sources */,
			);
			runOnlyForDeploymentPostprocessing = 0;
		};
		FEF0FE4023FD937F00854141 /* Sources */ = {
			isa = PBXSourcesBuildPhase;
			buildActionMask = 2147483647;
			files = (
				FEF0FE4923FD937F00854141 /* BeersTests.swift in Sources */,
			);
			runOnlyForDeploymentPostprocessing = 0;
		};
		FEF0FE4B23FD938000854141 /* Sources */ = {
			isa = PBXSourcesBuildPhase;
			buildActionMask = 2147483647;
			files = (
				FEF0FE5423FD938000854141 /* BeersUITests.swift in Sources */,
			);
			runOnlyForDeploymentPostprocessing = 0;
		};
/* End PBXSourcesBuildPhase section */

/* Begin PBXTargetDependency section */
		FEF0FE4623FD937F00854141 /* PBXTargetDependency */ = {
			isa = PBXTargetDependency;
			target = FEF0FE2D23FD937C00854141 /* Beers */;
			targetProxy = FEF0FE4523FD937F00854141 /* PBXContainerItemProxy */;
		};
		FEF0FE5123FD938000854141 /* PBXTargetDependency */ = {
			isa = PBXTargetDependency;
			target = FEF0FE2D23FD937C00854141 /* Beers */;
			targetProxy = FEF0FE5023FD938000854141 /* PBXContainerItemProxy */;
		};
/* End PBXTargetDependency section */

/* Begin PBXVariantGroup section */
		FE7F306523FFD5F6006FCAB3 /* Localizable.strings */ = {
			isa = PBXVariantGroup;
			children = (
				FE7F306423FFD5F6006FCAB3 /* en */,
				FE7F306623FFD604006FCAB3 /* es */,
				FE7F306723FFD60D006FCAB3 /* ca */,
			);
			name = Localizable.strings;
			sourceTree = "<group>";
		};
		FEF0FE3723FD937C00854141 /* Main.storyboard */ = {
			isa = PBXVariantGroup;
			children = (
				FEF0FE3823FD937C00854141 /* Base */,
			);
			name = Main.storyboard;
			sourceTree = "<group>";
		};
		FEF0FE3C23FD937F00854141 /* LaunchScreen.storyboard */ = {
			isa = PBXVariantGroup;
			children = (
				FEF0FE3D23FD937F00854141 /* Base */,
			);
			name = LaunchScreen.storyboard;
			sourceTree = "<group>";
		};
/* End PBXVariantGroup section */

/* Begin XCBuildConfiguration section */
		FEF0FE5623FD938000854141 /* Debug */ = {
			isa = XCBuildConfiguration;
			buildSettings = {
				ALWAYS_SEARCH_USER_PATHS = NO;
				CLANG_ANALYZER_LOCALIZABILITY_NONLOCALIZED = YES;
				CLANG_ANALYZER_NONNULL = YES;
				CLANG_ANALYZER_NUMBER_OBJECT_CONVERSION = YES_AGGRESSIVE;
				CLANG_CXX_LANGUAGE_STANDARD = "gnu++14";
				CLANG_CXX_LIBRARY = "libc++";
				CLANG_ENABLE_MODULES = YES;
				CLANG_ENABLE_OBJC_ARC = YES;
				CLANG_ENABLE_OBJC_WEAK = YES;
				CLANG_WARN_BLOCK_CAPTURE_AUTORELEASING = YES;
				CLANG_WARN_BOOL_CONVERSION = YES;
				CLANG_WARN_COMMA = YES;
				CLANG_WARN_CONSTANT_CONVERSION = YES;
				CLANG_WARN_DEPRECATED_OBJC_IMPLEMENTATIONS = YES;
				CLANG_WARN_DIRECT_OBJC_ISA_USAGE = YES_ERROR;
				CLANG_WARN_DOCUMENTATION_COMMENTS = YES;
				CLANG_WARN_EMPTY_BODY = YES;
				CLANG_WARN_ENUM_CONVERSION = YES;
				CLANG_WARN_INFINITE_RECURSION = YES;
				CLANG_WARN_INT_CONVERSION = YES;
				CLANG_WARN_NON_LITERAL_NULL_CONVERSION = YES;
				CLANG_WARN_OBJC_IMPLICIT_RETAIN_SELF = YES;
				CLANG_WARN_OBJC_LITERAL_CONVERSION = YES;
				CLANG_WARN_OBJC_ROOT_CLASS = YES_ERROR;
				CLANG_WARN_RANGE_LOOP_ANALYSIS = YES;
				CLANG_WARN_STRICT_PROTOTYPES = YES;
				CLANG_WARN_SUSPICIOUS_MOVE = YES;
				CLANG_WARN_UNGUARDED_AVAILABILITY = YES_AGGRESSIVE;
				CLANG_WARN_UNREACHABLE_CODE = YES;
				CLANG_WARN__DUPLICATE_METHOD_MATCH = YES;
				COPY_PHASE_STRIP = NO;
				DEBUG_INFORMATION_FORMAT = dwarf;
				ENABLE_STRICT_OBJC_MSGSEND = YES;
				ENABLE_TESTABILITY = YES;
				GCC_C_LANGUAGE_STANDARD = gnu11;
				GCC_DYNAMIC_NO_PIC = NO;
				GCC_NO_COMMON_BLOCKS = YES;
				GCC_OPTIMIZATION_LEVEL = 0;
				GCC_PREPROCESSOR_DEFINITIONS = (
					"DEBUG=1",
					"$(inherited)",
				);
				GCC_WARN_64_TO_32_BIT_CONVERSION = YES;
				GCC_WARN_ABOUT_RETURN_TYPE = YES_ERROR;
				GCC_WARN_UNDECLARED_SELECTOR = YES;
				GCC_WARN_UNINITIALIZED_AUTOS = YES_AGGRESSIVE;
				GCC_WARN_UNUSED_FUNCTION = YES;
				GCC_WARN_UNUSED_VARIABLE = YES;
				IPHONEOS_DEPLOYMENT_TARGET = 13.2;
				MTL_ENABLE_DEBUG_INFO = INCLUDE_SOURCE;
				MTL_FAST_MATH = YES;
				ONLY_ACTIVE_ARCH = YES;
				SDKROOT = iphoneos;
				SWIFT_ACTIVE_COMPILATION_CONDITIONS = DEBUG;
				SWIFT_OPTIMIZATION_LEVEL = "-Onone";
			};
			name = Debug;
		};
		FEF0FE5723FD938000854141 /* Release */ = {
			isa = XCBuildConfiguration;
			buildSettings = {
				ALWAYS_SEARCH_USER_PATHS = NO;
				CLANG_ANALYZER_LOCALIZABILITY_NONLOCALIZED = YES;
				CLANG_ANALYZER_NONNULL = YES;
				CLANG_ANALYZER_NUMBER_OBJECT_CONVERSION = YES_AGGRESSIVE;
				CLANG_CXX_LANGUAGE_STANDARD = "gnu++14";
				CLANG_CXX_LIBRARY = "libc++";
				CLANG_ENABLE_MODULES = YES;
				CLANG_ENABLE_OBJC_ARC = YES;
				CLANG_ENABLE_OBJC_WEAK = YES;
				CLANG_WARN_BLOCK_CAPTURE_AUTORELEASING = YES;
				CLANG_WARN_BOOL_CONVERSION = YES;
				CLANG_WARN_COMMA = YES;
				CLANG_WARN_CONSTANT_CONVERSION = YES;
				CLANG_WARN_DEPRECATED_OBJC_IMPLEMENTATIONS = YES;
				CLANG_WARN_DIRECT_OBJC_ISA_USAGE = YES_ERROR;
				CLANG_WARN_DOCUMENTATION_COMMENTS = YES;
				CLANG_WARN_EMPTY_BODY = YES;
				CLANG_WARN_ENUM_CONVERSION = YES;
				CLANG_WARN_INFINITE_RECURSION = YES;
				CLANG_WARN_INT_CONVERSION = YES;
				CLANG_WARN_NON_LITERAL_NULL_CONVERSION = YES;
				CLANG_WARN_OBJC_IMPLICIT_RETAIN_SELF = YES;
				CLANG_WARN_OBJC_LITERAL_CONVERSION = YES;
				CLANG_WARN_OBJC_ROOT_CLASS = YES_ERROR;
				CLANG_WARN_RANGE_LOOP_ANALYSIS = YES;
				CLANG_WARN_STRICT_PROTOTYPES = YES;
				CLANG_WARN_SUSPICIOUS_MOVE = YES;
				CLANG_WARN_UNGUARDED_AVAILABILITY = YES_AGGRESSIVE;
				CLANG_WARN_UNREACHABLE_CODE = YES;
				CLANG_WARN__DUPLICATE_METHOD_MATCH = YES;
				COPY_PHASE_STRIP = NO;
				DEBUG_INFORMATION_FORMAT = "dwarf-with-dsym";
				ENABLE_NS_ASSERTIONS = NO;
				ENABLE_STRICT_OBJC_MSGSEND = YES;
				GCC_C_LANGUAGE_STANDARD = gnu11;
				GCC_NO_COMMON_BLOCKS = YES;
				GCC_WARN_64_TO_32_BIT_CONVERSION = YES;
				GCC_WARN_ABOUT_RETURN_TYPE = YES_ERROR;
				GCC_WARN_UNDECLARED_SELECTOR = YES;
				GCC_WARN_UNINITIALIZED_AUTOS = YES_AGGRESSIVE;
				GCC_WARN_UNUSED_FUNCTION = YES;
				GCC_WARN_UNUSED_VARIABLE = YES;
				IPHONEOS_DEPLOYMENT_TARGET = 13.2;
				MTL_ENABLE_DEBUG_INFO = NO;
				MTL_FAST_MATH = YES;
				SDKROOT = iphoneos;
				SWIFT_COMPILATION_MODE = wholemodule;
				SWIFT_OPTIMIZATION_LEVEL = "-O";
				VALIDATE_PRODUCT = YES;
			};
			name = Release;
		};
		FEF0FE5923FD938000854141 /* Debug */ = {
			isa = XCBuildConfiguration;
			baseConfigurationReference = DCCDB944F8F44627FAFA8441 /* Pods-Beers.debug.xcconfig */;
			buildSettings = {
				ASSETCATALOG_COMPILER_APPICON_NAME = AppIcon;
				CODE_SIGN_STYLE = Automatic;
				INFOPLIST_FILE = Beers/Info.plist;
				LD_RUNPATH_SEARCH_PATHS = (
					"$(inherited)",
					"@executable_path/Frameworks",
				);
				PRODUCT_BUNDLE_IDENTIFIER = SergiRojas.Beers;
				PRODUCT_NAME = "$(TARGET_NAME)";
				SWIFT_VERSION = 5.0;
				TARGETED_DEVICE_FAMILY = "1,2";
			};
			name = Debug;
		};
		FEF0FE5A23FD938000854141 /* Release */ = {
			isa = XCBuildConfiguration;
			baseConfigurationReference = 806B8A19E59E3DE93DBED8A8 /* Pods-Beers.release.xcconfig */;
			buildSettings = {
				ASSETCATALOG_COMPILER_APPICON_NAME = AppIcon;
				CODE_SIGN_STYLE = Automatic;
				INFOPLIST_FILE = Beers/Info.plist;
				LD_RUNPATH_SEARCH_PATHS = (
					"$(inherited)",
					"@executable_path/Frameworks",
				);
				PRODUCT_BUNDLE_IDENTIFIER = SergiRojas.Beers;
				PRODUCT_NAME = "$(TARGET_NAME)";
				SWIFT_VERSION = 5.0;
				TARGETED_DEVICE_FAMILY = "1,2";
			};
			name = Release;
		};
		FEF0FE5C23FD938000854141 /* Debug */ = {
			isa = XCBuildConfiguration;
			baseConfigurationReference = 0CE96E9419D1DF9031D3B528 /* Pods-BeersTests.debug.xcconfig */;
			buildSettings = {
				ALWAYS_EMBED_SWIFT_STANDARD_LIBRARIES = YES;
				BUNDLE_LOADER = "$(TEST_HOST)";
				CODE_SIGN_STYLE = Automatic;
				INFOPLIST_FILE = BeersTests/Info.plist;
				IPHONEOS_DEPLOYMENT_TARGET = 13.2;
				LD_RUNPATH_SEARCH_PATHS = (
					"$(inherited)",
					"@executable_path/Frameworks",
					"@loader_path/Frameworks",
				);
				PRODUCT_BUNDLE_IDENTIFIER = SergiRojas.BeersTests;
				PRODUCT_NAME = "$(TARGET_NAME)";
				SWIFT_VERSION = 5.0;
				TARGETED_DEVICE_FAMILY = "1,2";
				TEST_HOST = "$(BUILT_PRODUCTS_DIR)/Beers.app/Beers";
			};
			name = Debug;
		};
		FEF0FE5D23FD938000854141 /* Release */ = {
			isa = XCBuildConfiguration;
			baseConfigurationReference = 62EBA47FE67AA4581DAE4882 /* Pods-BeersTests.release.xcconfig */;
			buildSettings = {
				ALWAYS_EMBED_SWIFT_STANDARD_LIBRARIES = YES;
				BUNDLE_LOADER = "$(TEST_HOST)";
				CODE_SIGN_STYLE = Automatic;
				INFOPLIST_FILE = BeersTests/Info.plist;
				IPHONEOS_DEPLOYMENT_TARGET = 13.2;
				LD_RUNPATH_SEARCH_PATHS = (
					"$(inherited)",
					"@executable_path/Frameworks",
					"@loader_path/Frameworks",
				);
				PRODUCT_BUNDLE_IDENTIFIER = SergiRojas.BeersTests;
				PRODUCT_NAME = "$(TARGET_NAME)";
				SWIFT_VERSION = 5.0;
				TARGETED_DEVICE_FAMILY = "1,2";
				TEST_HOST = "$(BUILT_PRODUCTS_DIR)/Beers.app/Beers";
			};
			name = Release;
		};
		FEF0FE5F23FD938000854141 /* Debug */ = {
			isa = XCBuildConfiguration;
			baseConfigurationReference = 2071973624170504DBEF6F6F /* Pods-Beers-BeersUITests.debug.xcconfig */;
			buildSettings = {
				ALWAYS_EMBED_SWIFT_STANDARD_LIBRARIES = YES;
				CODE_SIGN_STYLE = Automatic;
				INFOPLIST_FILE = BeersUITests/Info.plist;
				LD_RUNPATH_SEARCH_PATHS = (
					"$(inherited)",
					"@executable_path/Frameworks",
					"@loader_path/Frameworks",
				);
				PRODUCT_BUNDLE_IDENTIFIER = SergiRojas.BeersUITests;
				PRODUCT_NAME = "$(TARGET_NAME)";
				SWIFT_VERSION = 5.0;
				TARGETED_DEVICE_FAMILY = "1,2";
				TEST_TARGET_NAME = Beers;
			};
			name = Debug;
		};
		FEF0FE6023FD938000854141 /* Release */ = {
			isa = XCBuildConfiguration;
			baseConfigurationReference = A496E3645FC4C526A2FF31DB /* Pods-Beers-BeersUITests.release.xcconfig */;
			buildSettings = {
				ALWAYS_EMBED_SWIFT_STANDARD_LIBRARIES = YES;
				CODE_SIGN_STYLE = Automatic;
				INFOPLIST_FILE = BeersUITests/Info.plist;
				LD_RUNPATH_SEARCH_PATHS = (
					"$(inherited)",
					"@executable_path/Frameworks",
					"@loader_path/Frameworks",
				);
				PRODUCT_BUNDLE_IDENTIFIER = SergiRojas.BeersUITests;
				PRODUCT_NAME = "$(TARGET_NAME)";
				SWIFT_VERSION = 5.0;
				TARGETED_DEVICE_FAMILY = "1,2";
				TEST_TARGET_NAME = Beers;
			};
			name = Release;
		};
/* End XCBuildConfiguration section */

/* Begin XCConfigurationList section */
		FEF0FE2923FD937C00854141 /* Build configuration list for PBXProject "Beers" */ = {
			isa = XCConfigurationList;
			buildConfigurations = (
				FEF0FE5623FD938000854141 /* Debug */,
				FEF0FE5723FD938000854141 /* Release */,
			);
			defaultConfigurationIsVisible = 0;
			defaultConfigurationName = Release;
		};
		FEF0FE5823FD938000854141 /* Build configuration list for PBXNativeTarget "Beers" */ = {
			isa = XCConfigurationList;
			buildConfigurations = (
				FEF0FE5923FD938000854141 /* Debug */,
				FEF0FE5A23FD938000854141 /* Release */,
			);
			defaultConfigurationIsVisible = 0;
			defaultConfigurationName = Release;
		};
		FEF0FE5B23FD938000854141 /* Build configuration list for PBXNativeTarget "BeersTests" */ = {
			isa = XCConfigurationList;
			buildConfigurations = (
				FEF0FE5C23FD938000854141 /* Debug */,
				FEF0FE5D23FD938000854141 /* Release */,
			);
			defaultConfigurationIsVisible = 0;
			defaultConfigurationName = Release;
		};
		FEF0FE5E23FD938000854141 /* Build configuration list for PBXNativeTarget "BeersUITests" */ = {
			isa = XCConfigurationList;
			buildConfigurations = (
				FEF0FE5F23FD938000854141 /* Debug */,
				FEF0FE6023FD938000854141 /* Release */,
			);
			defaultConfigurationIsVisible = 0;
			defaultConfigurationName = Release;
		};
/* End XCConfigurationList section */
	};
	rootObject = FEF0FE2623FD937C00854141 /* Project object */;
}
